
Microsoft Visual Studio Solution File, Format Version 12.00
# Visual Studio Version 17
VisualStudioVersion = 17.2.32505.173
MinimumVisualStudioVersion = 10.0.40219.1
Project("{8BC9CEB8-8B4A-11D0-8D11-00A0C91BC942}") = "baekjoon3009", "baekjoon3009.vcxproj", "{71E1724D-7DBD-4893-922C-771CC85C6031}"
EndProject
Global
	GlobalSection(SolutionConfigurationPlatforms) = preSolution
		Debug|x64 = Debug|x64
		Debug|x86 = Debug|x86
		Release|x64 = Release|x64
		Release|x86 = Release|x86
	EndGlobalSection
	GlobalSection(ProjectConfigurationPlatforms) = postSolution
		{71E1724D-7DBD-4893-922C-771CC85C6031}.Debug|x64.ActiveCfg = Debug|x64
		{71E1724D-7DBD-4893-922C-771CC85C6031}.Debug|x64.Build.0 = Debug|x64
		{71E1724D-7DBD-4893-922C-771CC85C6031}.Debug|x86.ActiveCfg = Debug|Win32
		{71E1724D-7DBD-4893-922C-771CC85C6031}.Debug|x86.Build.0 = Debug|Win32
		{71E1724D-7DBD-4893-922C-771CC85C6031}.Release|x64.ActiveCfg = Release|x64
		{71E1724D-7DBD-4893-922C-771CC85C6031}.Release|x64.Build.0 = Release|x64
		{71E1724D-7DBD-4893-922C-771CC85C6031}.Release|x86.ActiveCfg = Release|Win32
		{71E1724D-7DBD-4893-922C-771CC85C6031}.Release|x86.Build.0 = Release|Win32
	EndGlobalSection
	GlobalSection(SolutionProperties) = preSolution
		HideSolutionNode = FALSE
	EndGlobalSection
	GlobalSection(ExtensibilityGlobals) = postSolution
		SolutionGuid = {18A662E9-76DA-4250-9271-0B02D98E3C36}
	EndGlobalSection
EndGlobal
