
Microsoft Visual Studio Solution File, Format Version 12.00
# Visual Studio Version 17
VisualStudioVersion = 17.2.32505.173
MinimumVisualStudioVersion = 10.0.40219.1
Project("{8BC9CEB8-8B4A-11D0-8D11-00A0C91BC942}") = "baekjoon11660", "baekjoon11660.vcxproj", "{4F0C0F7C-A892-4DEF-9A3F-AB62EC1A4883}"
EndProject
Global
	GlobalSection(SolutionConfigurationPlatforms) = preSolution
		Debug|x64 = Debug|x64
		Debug|x86 = Debug|x86
		Release|x64 = Release|x64
		Release|x86 = Release|x86
	EndGlobalSection
	GlobalSection(ProjectConfigurationPlatforms) = postSolution
		{4F0C0F7C-A892-4DEF-9A3F-AB62EC1A4883}.Debug|x64.ActiveCfg = Debug|x64
		{4F0C0F7C-A892-4DEF-9A3F-AB62EC1A4883}.Debug|x64.Build.0 = Debug|x64
		{4F0C0F7C-A892-4DEF-9A3F-AB62EC1A4883}.Debug|x86.ActiveCfg = Debug|Win32
		{4F0C0F7C-A892-4DEF-9A3F-AB62EC1A4883}.Debug|x86.Build.0 = Debug|Win32
		{4F0C0F7C-A892-4DEF-9A3F-AB62EC1A4883}.Release|x64.ActiveCfg = Release|x64
		{4F0C0F7C-A892-4DEF-9A3F-AB62EC1A4883}.Release|x64.Build.0 = Release|x64
		{4F0C0F7C-A892-4DEF-9A3F-AB62EC1A4883}.Release|x86.ActiveCfg = Release|Win32
		{4F0C0F7C-A892-4DEF-9A3F-AB62EC1A4883}.Release|x86.Build.0 = Release|Win32
	EndGlobalSection
	GlobalSection(SolutionProperties) = preSolution
		HideSolutionNode = FALSE
	EndGlobalSection
	GlobalSection(ExtensibilityGlobals) = postSolution
		SolutionGuid = {4E999E12-A4AA-4209-971A-B680C68109CB}
	EndGlobalSection
EndGlobal
