
Microsoft Visual Studio Solution File, Format Version 12.00
# Visual Studio Version 17
VisualStudioVersion = 17.2.32516.85
MinimumVisualStudioVersion = 10.0.40219.1
Project("{8BC9CEB8-8B4A-11D0-8D11-00A0C91BC942}") = "baekjoon", "baekjoon\baekjoon.vcxproj", "{6C4A681C-6158-40CC-A7AE-740C88814D87}"
EndProject
Project("{8BC9CEB8-8B4A-11D0-8D11-00A0C91BC942}") = "13627", "13627\13627.vcxproj", "{9A4B08B9-C37E-4892-8EEB-5CC16FC1D82D}"
EndProject
Global
	GlobalSection(SolutionConfigurationPlatforms) = preSolution
		Debug|x64 = Debug|x64
		Debug|x86 = Debug|x86
		Release|x64 = Release|x64
		Release|x86 = Release|x86
	EndGlobalSection
	GlobalSection(ProjectConfigurationPlatforms) = postSolution
		{6C4A681C-6158-40CC-A7AE-740C88814D87}.Debug|x64.ActiveCfg = Debug|x64
		{6C4A681C-6158-40CC-A7AE-740C88814D87}.Debug|x64.Build.0 = Debug|x64
		{6C4A681C-6158-40CC-A7AE-740C88814D87}.Debug|x86.ActiveCfg = Debug|Win32
		{6C4A681C-6158-40CC-A7AE-740C88814D87}.Debug|x86.Build.0 = Debug|Win32
		{6C4A681C-6158-40CC-A7AE-740C88814D87}.Release|x64.ActiveCfg = Release|x64
		{6C4A681C-6158-40CC-A7AE-740C88814D87}.Release|x64.Build.0 = Release|x64
		{6C4A681C-6158-40CC-A7AE-740C88814D87}.Release|x86.ActiveCfg = Release|Win32
		{6C4A681C-6158-40CC-A7AE-740C88814D87}.Release|x86.Build.0 = Release|Win32
		{9A4B08B9-C37E-4892-8EEB-5CC16FC1D82D}.Debug|x64.ActiveCfg = Debug|x64
		{9A4B08B9-C37E-4892-8EEB-5CC16FC1D82D}.Debug|x64.Build.0 = Debug|x64
		{9A4B08B9-C37E-4892-8EEB-5CC16FC1D82D}.Debug|x86.ActiveCfg = Debug|Win32
		{9A4B08B9-C37E-4892-8EEB-5CC16FC1D82D}.Debug|x86.Build.0 = Debug|Win32
		{9A4B08B9-C37E-4892-8EEB-5CC16FC1D82D}.Release|x64.ActiveCfg = Release|x64
		{9A4B08B9-C37E-4892-8EEB-5CC16FC1D82D}.Release|x64.Build.0 = Release|x64
		{9A4B08B9-C37E-4892-8EEB-5CC16FC1D82D}.Release|x86.ActiveCfg = Release|Win32
		{9A4B08B9-C37E-4892-8EEB-5CC16FC1D82D}.Release|x86.Build.0 = Release|Win32
	EndGlobalSection
	GlobalSection(SolutionProperties) = preSolution
		HideSolutionNode = FALSE
	EndGlobalSection
	GlobalSection(ExtensibilityGlobals) = postSolution
		SolutionGuid = {A62ACD7A-DD07-45F7-AAC2-39197BAEEC80}
	EndGlobalSection
EndGlobal
