
Microsoft Visual Studio Solution File, Format Version 12.00
# Visual Studio Version 17
VisualStudioVersion = 17.2.32516.85
MinimumVisualStudioVersion = 10.0.40219.1
Project("{8BC9CEB8-8B4A-11D0-8D11-00A0C91BC942}") = "baekjoon", "baekjoon\baekjoon.vcxproj", "{6C4A681C-6158-40CC-A7AE-740C88814D87}"
EndProject
Project("{8BC9CEB8-8B4A-11D0-8D11-00A0C91BC942}") = "13627", "13627\13627.vcxproj", "{9A4B08B9-C37E-4892-8EEB-5CC16FC1D82D}"
EndProject
Project("{2150E333-8FDC-42A3-9474-1A3956D46DE8}") = "솔루션 항목", "솔루션 항목", "{1A5F1F10-74FB-465D-8491-15E9D2234BF8}"
	ProjectSection(SolutionItems) = preProject
		base.txt = base.txt
	EndProjectSection
EndProject
Project("{8BC9CEB8-8B4A-11D0-8D11-00A0C91BC942}") = "2164", "2164\2164.vcxproj", "{BF6EA7A7-1D93-4FD8-81A0-9EBA0761B1FF}"
EndProject
Project("{8BC9CEB8-8B4A-11D0-8D11-00A0C91BC942}") = "2558", "2558\2558.vcxproj", "{B4E17001-83F9-4ECB-9EF1-1265D8C34ED7}"
EndProject
Project("{8BC9CEB8-8B4A-11D0-8D11-00A0C91BC942}") = "3046", "3046\3046.vcxproj", "{4E46B35D-7B56-408D-B447-36BEEC28FBBC}"
EndProject
Project("{8BC9CEB8-8B4A-11D0-8D11-00A0C91BC942}") = "2163", "2163\2163.vcxproj", "{4B8D43BE-394B-423A-AAA7-E0CCE5694B54}"
EndProject
Project("{8BC9CEB8-8B4A-11D0-8D11-00A0C91BC942}") = "1076", "1076\1076.vcxproj", "{427941A6-7836-43A1-A98E-B92C9E232B7F}"
EndProject
Project("{8BC9CEB8-8B4A-11D0-8D11-00A0C91BC942}") = "1026", "1026\1026.vcxproj", "{648119C5-8896-418C-B0F7-F06CE29A5965}"
EndProject
Project("{8BC9CEB8-8B4A-11D0-8D11-00A0C91BC942}") = "4344", "4344\4344.vcxproj", "{F946A3FC-CC4E-4FB7-BF48-2A6D639D41F6}"
EndProject
Project("{8BC9CEB8-8B4A-11D0-8D11-00A0C91BC942}") = "10828", "10828\10828.vcxproj", "{6649A9BE-E274-4E25-BD4D-50742799CB61}"
EndProject
Project("{8BC9CEB8-8B4A-11D0-8D11-00A0C91BC942}") = "1546", "1546\1546.vcxproj", "{69473325-EC36-41F0-ADC7-D0675296E6D5}"
EndProject
Project("{8BC9CEB8-8B4A-11D0-8D11-00A0C91BC942}") = "10818", "10818\10818.vcxproj", "{D960E7AD-367F-46CF-A36A-34747BB7D94A}"
EndProject
Project("{8BC9CEB8-8B4A-11D0-8D11-00A0C91BC942}") = "2562", "2562\2562.vcxproj", "{A4E8ECD0-2BB4-458F-A9DB-1F911EBE608A}"
EndProject
Project("{8BC9CEB8-8B4A-11D0-8D11-00A0C91BC942}") = "2577", "2577\2577.vcxproj", "{CC3B8D4C-7E3A-48A3-B57E-EE751953E9C3}"
EndProject
Project("{8BC9CEB8-8B4A-11D0-8D11-00A0C91BC942}") = "3052", "3052\3052.vcxproj", "{21C6B403-F272-4162-9FE6-D1B3E9D8A8F2}"
EndProject
Project("{8BC9CEB8-8B4A-11D0-8D11-00A0C91BC942}") = "8958", "8958\8958.vcxproj", "{89CA374C-83DA-41B0-A174-6CF2BA0844B9}"
EndProject
Project("{8BC9CEB8-8B4A-11D0-8D11-00A0C91BC942}") = "11659", "11659\11659.vcxproj", "{744E6856-C2B0-4E5A-87B2-6DF3174993FF}"
EndProject
Project("{8BC9CEB8-8B4A-11D0-8D11-00A0C91BC942}") = "10773", "10773\10773.vcxproj", "{35FBD418-06A7-460D-878D-D956D4FEE57B}"
EndProject
Project("{8BC9CEB8-8B4A-11D0-8D11-00A0C91BC942}") = "9012", "9012\9012.vcxproj", "{4A011DDA-BE7B-4501-9153-C739F3B4384D}"
EndProject
Project("{8BC9CEB8-8B4A-11D0-8D11-00A0C91BC942}") = "2775", "2775\2775.vcxproj", "{FD6624D8-0F4D-46CA-A6D9-5F874FF0F1F3}"
EndProject
Project("{8BC9CEB8-8B4A-11D0-8D11-00A0C91BC942}") = "1193", "1193\1193.vcxproj", "{4A6238BB-51B9-4D83-823E-C2FCAE707458}"
EndProject
Project("{8BC9CEB8-8B4A-11D0-8D11-00A0C91BC942}") = "10757", "10757\10757.vcxproj", "{C0F58CCA-1421-4113-8C18-2D141AFE751A}"
EndProject
Project("{8BC9CEB8-8B4A-11D0-8D11-00A0C91BC942}") = "1712", "1712\1712.vcxproj", "{25B7B380-8205-4CC0-8A15-A3808C30EBE1}"
EndProject
Project("{8BC9CEB8-8B4A-11D0-8D11-00A0C91BC942}") = "10870", "10870\10870.vcxproj", "{511AB25D-4DC2-4965-A4D2-C849581BC7E3}"
EndProject
Global
	GlobalSection(SolutionConfigurationPlatforms) = preSolution
		Debug|x64 = Debug|x64
		Debug|x86 = Debug|x86
		Release|x64 = Release|x64
		Release|x86 = Release|x86
	EndGlobalSection
	GlobalSection(ProjectConfigurationPlatforms) = postSolution
		{6C4A681C-6158-40CC-A7AE-740C88814D87}.Debug|x64.ActiveCfg = Debug|x64
		{6C4A681C-6158-40CC-A7AE-740C88814D87}.Debug|x64.Build.0 = Debug|x64
		{6C4A681C-6158-40CC-A7AE-740C88814D87}.Debug|x86.ActiveCfg = Debug|Win32
		{6C4A681C-6158-40CC-A7AE-740C88814D87}.Debug|x86.Build.0 = Debug|Win32
		{6C4A681C-6158-40CC-A7AE-740C88814D87}.Release|x64.ActiveCfg = Release|x64
		{6C4A681C-6158-40CC-A7AE-740C88814D87}.Release|x64.Build.0 = Release|x64
		{6C4A681C-6158-40CC-A7AE-740C88814D87}.Release|x86.ActiveCfg = Release|Win32
		{6C4A681C-6158-40CC-A7AE-740C88814D87}.Release|x86.Build.0 = Release|Win32
		{9A4B08B9-C37E-4892-8EEB-5CC16FC1D82D}.Debug|x64.ActiveCfg = Debug|x64
		{9A4B08B9-C37E-4892-8EEB-5CC16FC1D82D}.Debug|x64.Build.0 = Debug|x64
		{9A4B08B9-C37E-4892-8EEB-5CC16FC1D82D}.Debug|x86.ActiveCfg = Debug|Win32
		{9A4B08B9-C37E-4892-8EEB-5CC16FC1D82D}.Debug|x86.Build.0 = Debug|Win32
		{9A4B08B9-C37E-4892-8EEB-5CC16FC1D82D}.Release|x64.ActiveCfg = Release|x64
		{9A4B08B9-C37E-4892-8EEB-5CC16FC1D82D}.Release|x64.Build.0 = Release|x64
		{9A4B08B9-C37E-4892-8EEB-5CC16FC1D82D}.Release|x86.ActiveCfg = Release|Win32
		{9A4B08B9-C37E-4892-8EEB-5CC16FC1D82D}.Release|x86.Build.0 = Release|Win32
		{BF6EA7A7-1D93-4FD8-81A0-9EBA0761B1FF}.Debug|x64.ActiveCfg = Debug|x64
		{BF6EA7A7-1D93-4FD8-81A0-9EBA0761B1FF}.Debug|x64.Build.0 = Debug|x64
		{BF6EA7A7-1D93-4FD8-81A0-9EBA0761B1FF}.Debug|x86.ActiveCfg = Debug|Win32
		{BF6EA7A7-1D93-4FD8-81A0-9EBA0761B1FF}.Debug|x86.Build.0 = Debug|Win32
		{BF6EA7A7-1D93-4FD8-81A0-9EBA0761B1FF}.Release|x64.ActiveCfg = Release|x64
		{BF6EA7A7-1D93-4FD8-81A0-9EBA0761B1FF}.Release|x64.Build.0 = Release|x64
		{BF6EA7A7-1D93-4FD8-81A0-9EBA0761B1FF}.Release|x86.ActiveCfg = Release|Win32
		{BF6EA7A7-1D93-4FD8-81A0-9EBA0761B1FF}.Release|x86.Build.0 = Release|Win32
		{B4E17001-83F9-4ECB-9EF1-1265D8C34ED7}.Debug|x64.ActiveCfg = Debug|x64
		{B4E17001-83F9-4ECB-9EF1-1265D8C34ED7}.Debug|x64.Build.0 = Debug|x64
		{B4E17001-83F9-4ECB-9EF1-1265D8C34ED7}.Debug|x86.ActiveCfg = Debug|Win32
		{B4E17001-83F9-4ECB-9EF1-1265D8C34ED7}.Debug|x86.Build.0 = Debug|Win32
		{B4E17001-83F9-4ECB-9EF1-1265D8C34ED7}.Release|x64.ActiveCfg = Release|x64
		{B4E17001-83F9-4ECB-9EF1-1265D8C34ED7}.Release|x64.Build.0 = Release|x64
		{B4E17001-83F9-4ECB-9EF1-1265D8C34ED7}.Release|x86.ActiveCfg = Release|Win32
		{B4E17001-83F9-4ECB-9EF1-1265D8C34ED7}.Release|x86.Build.0 = Release|Win32
		{4E46B35D-7B56-408D-B447-36BEEC28FBBC}.Debug|x64.ActiveCfg = Debug|x64
		{4E46B35D-7B56-408D-B447-36BEEC28FBBC}.Debug|x64.Build.0 = Debug|x64
		{4E46B35D-7B56-408D-B447-36BEEC28FBBC}.Debug|x86.ActiveCfg = Debug|Win32
		{4E46B35D-7B56-408D-B447-36BEEC28FBBC}.Debug|x86.Build.0 = Debug|Win32
		{4E46B35D-7B56-408D-B447-36BEEC28FBBC}.Release|x64.ActiveCfg = Release|x64
		{4E46B35D-7B56-408D-B447-36BEEC28FBBC}.Release|x64.Build.0 = Release|x64
		{4E46B35D-7B56-408D-B447-36BEEC28FBBC}.Release|x86.ActiveCfg = Release|Win32
		{4E46B35D-7B56-408D-B447-36BEEC28FBBC}.Release|x86.Build.0 = Release|Win32
		{4B8D43BE-394B-423A-AAA7-E0CCE5694B54}.Debug|x64.ActiveCfg = Debug|x64
		{4B8D43BE-394B-423A-AAA7-E0CCE5694B54}.Debug|x64.Build.0 = Debug|x64
		{4B8D43BE-394B-423A-AAA7-E0CCE5694B54}.Debug|x86.ActiveCfg = Debug|Win32
		{4B8D43BE-394B-423A-AAA7-E0CCE5694B54}.Debug|x86.Build.0 = Debug|Win32
		{4B8D43BE-394B-423A-AAA7-E0CCE5694B54}.Release|x64.ActiveCfg = Release|x64
		{4B8D43BE-394B-423A-AAA7-E0CCE5694B54}.Release|x64.Build.0 = Release|x64
		{4B8D43BE-394B-423A-AAA7-E0CCE5694B54}.Release|x86.ActiveCfg = Release|Win32
		{4B8D43BE-394B-423A-AAA7-E0CCE5694B54}.Release|x86.Build.0 = Release|Win32
		{427941A6-7836-43A1-A98E-B92C9E232B7F}.Debug|x64.ActiveCfg = Debug|x64
		{427941A6-7836-43A1-A98E-B92C9E232B7F}.Debug|x64.Build.0 = Debug|x64
		{427941A6-7836-43A1-A98E-B92C9E232B7F}.Debug|x86.ActiveCfg = Debug|Win32
		{427941A6-7836-43A1-A98E-B92C9E232B7F}.Debug|x86.Build.0 = Debug|Win32
		{427941A6-7836-43A1-A98E-B92C9E232B7F}.Release|x64.ActiveCfg = Release|x64
		{427941A6-7836-43A1-A98E-B92C9E232B7F}.Release|x64.Build.0 = Release|x64
		{427941A6-7836-43A1-A98E-B92C9E232B7F}.Release|x86.ActiveCfg = Release|Win32
		{427941A6-7836-43A1-A98E-B92C9E232B7F}.Release|x86.Build.0 = Release|Win32
		{648119C5-8896-418C-B0F7-F06CE29A5965}.Debug|x64.ActiveCfg = Debug|x64
		{648119C5-8896-418C-B0F7-F06CE29A5965}.Debug|x64.Build.0 = Debug|x64
		{648119C5-8896-418C-B0F7-F06CE29A5965}.Debug|x86.ActiveCfg = Debug|Win32
		{648119C5-8896-418C-B0F7-F06CE29A5965}.Debug|x86.Build.0 = Debug|Win32
		{648119C5-8896-418C-B0F7-F06CE29A5965}.Release|x64.ActiveCfg = Release|x64
		{648119C5-8896-418C-B0F7-F06CE29A5965}.Release|x64.Build.0 = Release|x64
		{648119C5-8896-418C-B0F7-F06CE29A5965}.Release|x86.ActiveCfg = Release|Win32
		{648119C5-8896-418C-B0F7-F06CE29A5965}.Release|x86.Build.0 = Release|Win32
		{F946A3FC-CC4E-4FB7-BF48-2A6D639D41F6}.Debug|x64.ActiveCfg = Debug|x64
		{F946A3FC-CC4E-4FB7-BF48-2A6D639D41F6}.Debug|x64.Build.0 = Debug|x64
		{F946A3FC-CC4E-4FB7-BF48-2A6D639D41F6}.Debug|x86.ActiveCfg = Debug|Win32
		{F946A3FC-CC4E-4FB7-BF48-2A6D639D41F6}.Debug|x86.Build.0 = Debug|Win32
		{F946A3FC-CC4E-4FB7-BF48-2A6D639D41F6}.Release|x64.ActiveCfg = Release|x64
		{F946A3FC-CC4E-4FB7-BF48-2A6D639D41F6}.Release|x64.Build.0 = Release|x64
		{F946A3FC-CC4E-4FB7-BF48-2A6D639D41F6}.Release|x86.ActiveCfg = Release|Win32
		{F946A3FC-CC4E-4FB7-BF48-2A6D639D41F6}.Release|x86.Build.0 = Release|Win32
		{6649A9BE-E274-4E25-BD4D-50742799CB61}.Debug|x64.ActiveCfg = Debug|x64
		{6649A9BE-E274-4E25-BD4D-50742799CB61}.Debug|x64.Build.0 = Debug|x64
		{6649A9BE-E274-4E25-BD4D-50742799CB61}.Debug|x86.ActiveCfg = Debug|Win32
		{6649A9BE-E274-4E25-BD4D-50742799CB61}.Debug|x86.Build.0 = Debug|Win32
		{6649A9BE-E274-4E25-BD4D-50742799CB61}.Release|x64.ActiveCfg = Release|x64
		{6649A9BE-E274-4E25-BD4D-50742799CB61}.Release|x64.Build.0 = Release|x64
		{6649A9BE-E274-4E25-BD4D-50742799CB61}.Release|x86.ActiveCfg = Release|Win32
		{6649A9BE-E274-4E25-BD4D-50742799CB61}.Release|x86.Build.0 = Release|Win32
		{69473325-EC36-41F0-ADC7-D0675296E6D5}.Debug|x64.ActiveCfg = Debug|x64
		{69473325-EC36-41F0-ADC7-D0675296E6D5}.Debug|x64.Build.0 = Debug|x64
		{69473325-EC36-41F0-ADC7-D0675296E6D5}.Debug|x86.ActiveCfg = Debug|Win32
		{69473325-EC36-41F0-ADC7-D0675296E6D5}.Debug|x86.Build.0 = Debug|Win32
		{69473325-EC36-41F0-ADC7-D0675296E6D5}.Release|x64.ActiveCfg = Release|x64
		{69473325-EC36-41F0-ADC7-D0675296E6D5}.Release|x64.Build.0 = Release|x64
		{69473325-EC36-41F0-ADC7-D0675296E6D5}.Release|x86.ActiveCfg = Release|Win32
		{69473325-EC36-41F0-ADC7-D0675296E6D5}.Release|x86.Build.0 = Release|Win32
		{D960E7AD-367F-46CF-A36A-34747BB7D94A}.Debug|x64.ActiveCfg = Debug|x64
		{D960E7AD-367F-46CF-A36A-34747BB7D94A}.Debug|x64.Build.0 = Debug|x64
		{D960E7AD-367F-46CF-A36A-34747BB7D94A}.Debug|x86.ActiveCfg = Debug|Win32
		{D960E7AD-367F-46CF-A36A-34747BB7D94A}.Debug|x86.Build.0 = Debug|Win32
		{D960E7AD-367F-46CF-A36A-34747BB7D94A}.Release|x64.ActiveCfg = Release|x64
		{D960E7AD-367F-46CF-A36A-34747BB7D94A}.Release|x64.Build.0 = Release|x64
		{D960E7AD-367F-46CF-A36A-34747BB7D94A}.Release|x86.ActiveCfg = Release|Win32
		{D960E7AD-367F-46CF-A36A-34747BB7D94A}.Release|x86.Build.0 = Release|Win32
		{A4E8ECD0-2BB4-458F-A9DB-1F911EBE608A}.Debug|x64.ActiveCfg = Debug|x64
		{A4E8ECD0-2BB4-458F-A9DB-1F911EBE608A}.Debug|x64.Build.0 = Debug|x64
		{A4E8ECD0-2BB4-458F-A9DB-1F911EBE608A}.Debug|x86.ActiveCfg = Debug|Win32
		{A4E8ECD0-2BB4-458F-A9DB-1F911EBE608A}.Debug|x86.Build.0 = Debug|Win32
		{A4E8ECD0-2BB4-458F-A9DB-1F911EBE608A}.Release|x64.ActiveCfg = Release|x64
		{A4E8ECD0-2BB4-458F-A9DB-1F911EBE608A}.Release|x64.Build.0 = Release|x64
		{A4E8ECD0-2BB4-458F-A9DB-1F911EBE608A}.Release|x86.ActiveCfg = Release|Win32
		{A4E8ECD0-2BB4-458F-A9DB-1F911EBE608A}.Release|x86.Build.0 = Release|Win32
		{CC3B8D4C-7E3A-48A3-B57E-EE751953E9C3}.Debug|x64.ActiveCfg = Debug|x64
		{CC3B8D4C-7E3A-48A3-B57E-EE751953E9C3}.Debug|x64.Build.0 = Debug|x64
		{CC3B8D4C-7E3A-48A3-B57E-EE751953E9C3}.Debug|x86.ActiveCfg = Debug|Win32
		{CC3B8D4C-7E3A-48A3-B57E-EE751953E9C3}.Debug|x86.Build.0 = Debug|Win32
		{CC3B8D4C-7E3A-48A3-B57E-EE751953E9C3}.Release|x64.ActiveCfg = Release|x64
		{CC3B8D4C-7E3A-48A3-B57E-EE751953E9C3}.Release|x64.Build.0 = Release|x64
		{CC3B8D4C-7E3A-48A3-B57E-EE751953E9C3}.Release|x86.ActiveCfg = Release|Win32
		{CC3B8D4C-7E3A-48A3-B57E-EE751953E9C3}.Release|x86.Build.0 = Release|Win32
		{21C6B403-F272-4162-9FE6-D1B3E9D8A8F2}.Debug|x64.ActiveCfg = Debug|x64
		{21C6B403-F272-4162-9FE6-D1B3E9D8A8F2}.Debug|x64.Build.0 = Debug|x64
		{21C6B403-F272-4162-9FE6-D1B3E9D8A8F2}.Debug|x86.ActiveCfg = Debug|Win32
		{21C6B403-F272-4162-9FE6-D1B3E9D8A8F2}.Debug|x86.Build.0 = Debug|Win32
		{21C6B403-F272-4162-9FE6-D1B3E9D8A8F2}.Release|x64.ActiveCfg = Release|x64
		{21C6B403-F272-4162-9FE6-D1B3E9D8A8F2}.Release|x64.Build.0 = Release|x64
		{21C6B403-F272-4162-9FE6-D1B3E9D8A8F2}.Release|x86.ActiveCfg = Release|Win32
		{21C6B403-F272-4162-9FE6-D1B3E9D8A8F2}.Release|x86.Build.0 = Release|Win32
		{89CA374C-83DA-41B0-A174-6CF2BA0844B9}.Debug|x64.ActiveCfg = Debug|x64
		{89CA374C-83DA-41B0-A174-6CF2BA0844B9}.Debug|x64.Build.0 = Debug|x64
		{89CA374C-83DA-41B0-A174-6CF2BA0844B9}.Debug|x86.ActiveCfg = Debug|Win32
		{89CA374C-83DA-41B0-A174-6CF2BA0844B9}.Debug|x86.Build.0 = Debug|Win32
		{89CA374C-83DA-41B0-A174-6CF2BA0844B9}.Release|x64.ActiveCfg = Release|x64
		{89CA374C-83DA-41B0-A174-6CF2BA0844B9}.Release|x64.Build.0 = Release|x64
		{89CA374C-83DA-41B0-A174-6CF2BA0844B9}.Release|x86.ActiveCfg = Release|Win32
		{89CA374C-83DA-41B0-A174-6CF2BA0844B9}.Release|x86.Build.0 = Release|Win32
		{744E6856-C2B0-4E5A-87B2-6DF3174993FF}.Debug|x64.ActiveCfg = Debug|x64
		{744E6856-C2B0-4E5A-87B2-6DF3174993FF}.Debug|x64.Build.0 = Debug|x64
		{744E6856-C2B0-4E5A-87B2-6DF3174993FF}.Debug|x86.ActiveCfg = Debug|Win32
		{744E6856-C2B0-4E5A-87B2-6DF3174993FF}.Debug|x86.Build.0 = Debug|Win32
		{744E6856-C2B0-4E5A-87B2-6DF3174993FF}.Release|x64.ActiveCfg = Release|x64
		{744E6856-C2B0-4E5A-87B2-6DF3174993FF}.Release|x64.Build.0 = Release|x64
		{744E6856-C2B0-4E5A-87B2-6DF3174993FF}.Release|x86.ActiveCfg = Release|Win32
		{744E6856-C2B0-4E5A-87B2-6DF3174993FF}.Release|x86.Build.0 = Release|Win32
		{35FBD418-06A7-460D-878D-D956D4FEE57B}.Debug|x64.ActiveCfg = Debug|x64
		{35FBD418-06A7-460D-878D-D956D4FEE57B}.Debug|x64.Build.0 = Debug|x64
		{35FBD418-06A7-460D-878D-D956D4FEE57B}.Debug|x86.ActiveCfg = Debug|Win32
		{35FBD418-06A7-460D-878D-D956D4FEE57B}.Debug|x86.Build.0 = Debug|Win32
		{35FBD418-06A7-460D-878D-D956D4FEE57B}.Release|x64.ActiveCfg = Release|x64
		{35FBD418-06A7-460D-878D-D956D4FEE57B}.Release|x64.Build.0 = Release|x64
		{35FBD418-06A7-460D-878D-D956D4FEE57B}.Release|x86.ActiveCfg = Release|Win32
		{35FBD418-06A7-460D-878D-D956D4FEE57B}.Release|x86.Build.0 = Release|Win32
		{4A011DDA-BE7B-4501-9153-C739F3B4384D}.Debug|x64.ActiveCfg = Debug|x64
		{4A011DDA-BE7B-4501-9153-C739F3B4384D}.Debug|x64.Build.0 = Debug|x64
		{4A011DDA-BE7B-4501-9153-C739F3B4384D}.Debug|x86.ActiveCfg = Debug|Win32
		{4A011DDA-BE7B-4501-9153-C739F3B4384D}.Debug|x86.Build.0 = Debug|Win32
		{4A011DDA-BE7B-4501-9153-C739F3B4384D}.Release|x64.ActiveCfg = Release|x64
		{4A011DDA-BE7B-4501-9153-C739F3B4384D}.Release|x64.Build.0 = Release|x64
		{4A011DDA-BE7B-4501-9153-C739F3B4384D}.Release|x86.ActiveCfg = Release|Win32
		{4A011DDA-BE7B-4501-9153-C739F3B4384D}.Release|x86.Build.0 = Release|Win32
		{FD6624D8-0F4D-46CA-A6D9-5F874FF0F1F3}.Debug|x64.ActiveCfg = Debug|x64
		{FD6624D8-0F4D-46CA-A6D9-5F874FF0F1F3}.Debug|x64.Build.0 = Debug|x64
		{FD6624D8-0F4D-46CA-A6D9-5F874FF0F1F3}.Debug|x86.ActiveCfg = Debug|Win32
		{FD6624D8-0F4D-46CA-A6D9-5F874FF0F1F3}.Debug|x86.Build.0 = Debug|Win32
		{FD6624D8-0F4D-46CA-A6D9-5F874FF0F1F3}.Release|x64.ActiveCfg = Release|x64
		{FD6624D8-0F4D-46CA-A6D9-5F874FF0F1F3}.Release|x64.Build.0 = Release|x64
		{FD6624D8-0F4D-46CA-A6D9-5F874FF0F1F3}.Release|x86.ActiveCfg = Release|Win32
		{FD6624D8-0F4D-46CA-A6D9-5F874FF0F1F3}.Release|x86.Build.0 = Release|Win32
		{4A6238BB-51B9-4D83-823E-C2FCAE707458}.Debug|x64.ActiveCfg = Debug|x64
		{4A6238BB-51B9-4D83-823E-C2FCAE707458}.Debug|x64.Build.0 = Debug|x64
		{4A6238BB-51B9-4D83-823E-C2FCAE707458}.Debug|x86.ActiveCfg = Debug|Win32
		{4A6238BB-51B9-4D83-823E-C2FCAE707458}.Debug|x86.Build.0 = Debug|Win32
		{4A6238BB-51B9-4D83-823E-C2FCAE707458}.Release|x64.ActiveCfg = Release|x64
		{4A6238BB-51B9-4D83-823E-C2FCAE707458}.Release|x64.Build.0 = Release|x64
		{4A6238BB-51B9-4D83-823E-C2FCAE707458}.Release|x86.ActiveCfg = Release|Win32
		{4A6238BB-51B9-4D83-823E-C2FCAE707458}.Release|x86.Build.0 = Release|Win32
		{C0F58CCA-1421-4113-8C18-2D141AFE751A}.Debug|x64.ActiveCfg = Debug|x64
		{C0F58CCA-1421-4113-8C18-2D141AFE751A}.Debug|x64.Build.0 = Debug|x64
		{C0F58CCA-1421-4113-8C18-2D141AFE751A}.Debug|x86.ActiveCfg = Debug|Win32
		{C0F58CCA-1421-4113-8C18-2D141AFE751A}.Debug|x86.Build.0 = Debug|Win32
		{C0F58CCA-1421-4113-8C18-2D141AFE751A}.Release|x64.ActiveCfg = Release|x64
		{C0F58CCA-1421-4113-8C18-2D141AFE751A}.Release|x64.Build.0 = Release|x64
		{C0F58CCA-1421-4113-8C18-2D141AFE751A}.Release|x86.ActiveCfg = Release|Win32
		{C0F58CCA-1421-4113-8C18-2D141AFE751A}.Release|x86.Build.0 = Release|Win32
		{25B7B380-8205-4CC0-8A15-A3808C30EBE1}.Debug|x64.ActiveCfg = Debug|x64
		{25B7B380-8205-4CC0-8A15-A3808C30EBE1}.Debug|x64.Build.0 = Debug|x64
		{25B7B380-8205-4CC0-8A15-A3808C30EBE1}.Debug|x86.ActiveCfg = Debug|Win32
		{25B7B380-8205-4CC0-8A15-A3808C30EBE1}.Debug|x86.Build.0 = Debug|Win32
		{25B7B380-8205-4CC0-8A15-A3808C30EBE1}.Release|x64.ActiveCfg = Release|x64
		{25B7B380-8205-4CC0-8A15-A3808C30EBE1}.Release|x64.Build.0 = Release|x64
		{25B7B380-8205-4CC0-8A15-A3808C30EBE1}.Release|x86.ActiveCfg = Release|Win32
		{25B7B380-8205-4CC0-8A15-A3808C30EBE1}.Release|x86.Build.0 = Release|Win32
		{511AB25D-4DC2-4965-A4D2-C849581BC7E3}.Debug|x64.ActiveCfg = Debug|x64
		{511AB25D-4DC2-4965-A4D2-C849581BC7E3}.Debug|x64.Build.0 = Debug|x64
		{511AB25D-4DC2-4965-A4D2-C849581BC7E3}.Debug|x86.ActiveCfg = Debug|Win32
		{511AB25D-4DC2-4965-A4D2-C849581BC7E3}.Debug|x86.Build.0 = Debug|Win32
		{511AB25D-4DC2-4965-A4D2-C849581BC7E3}.Release|x64.ActiveCfg = Release|x64
		{511AB25D-4DC2-4965-A4D2-C849581BC7E3}.Release|x64.Build.0 = Release|x64
		{511AB25D-4DC2-4965-A4D2-C849581BC7E3}.Release|x86.ActiveCfg = Release|Win32
		{511AB25D-4DC2-4965-A4D2-C849581BC7E3}.Release|x86.Build.0 = Release|Win32
	EndGlobalSection
	GlobalSection(SolutionProperties) = preSolution
		HideSolutionNode = FALSE
	EndGlobalSection
	GlobalSection(ExtensibilityGlobals) = postSolution
		SolutionGuid = {A62ACD7A-DD07-45F7-AAC2-39197BAEEC80}
	EndGlobalSection
EndGlobal
